
Microsoft Visual Studio Solution File, Format Version 12.00
Project("{FAE04EC0-301F-11D3-BF4B-00C04F79EFBC}") = "ExperimentWithControls", "ExperimentWithControls\ExperimentWithControls.csproj", "{3C784B3B-9371-4DDB-8DBE-905BC310DA5A}"
EndProject
Global
	GlobalSection(SolutionConfigurationPlatforms) = preSolution
		Debug|Any CPU = Debug|Any CPU
		Release|Any CPU = Release|Any CPU
	EndGlobalSection
	GlobalSection(ProjectConfigurationPlatforms) = postSolution
		{3C784B3B-9371-4DDB-8DBE-905BC310DA5A}.Debug|Any CPU.ActiveCfg = Debug|Any CPU
		{3C784B3B-9371-4DDB-8DBE-905BC310DA5A}.Debug|Any CPU.Build.0 = Debug|Any CPU
		{3C784B3B-9371-4DDB-8DBE-905BC310DA5A}.Release|Any CPU.ActiveCfg = Release|Any CPU
		{3C784B3B-9371-4DDB-8DBE-905BC310DA5A}.Release|Any CPU.Build.0 = Release|Any CPU
	EndGlobalSection
EndGlobal
